
Microsoft Visual Studio Solution File, Format Version 12.00
# Visual Studio Version 16
VisualStudioVersion = 16.0.29215.179
MinimumVisualStudioVersion = 10.0.40219.1
Project("{FAE04EC0-301F-11D3-BF4B-00C04F79EFBC}") = "CoursWPF", "CoursWPF\CoursWPF.csproj", "{DC6560F3-87E5-4B8D-B156-11D2434C07DA}"
EndProject
Project("{FAE04EC0-301F-11D3-BF4B-00C04F79EFBC}") = "exImpot", "exImpot\exImpot.csproj", "{6F959CC6-9069-4484-88F8-06CD87364C97}"
EndProject
Project("{FAE04EC0-301F-11D3-BF4B-00C04F79EFBC}") = "GestionClients", "GestionClients\GestionClients.csproj", "{3397DBF6-36A7-49A3-A1B4-9392D4CF0BC8}"
EndProject
Project("{FAE04EC0-301F-11D3-BF4B-00C04F79EFBC}") = "BanqueWpf", "BanqueWpf\BanqueWpf.csproj", "{19502B27-D455-4507-93D2-40DFDF20973B}"
EndProject
Project("{FAE04EC0-301F-11D3-BF4B-00C04F79EFBC}") = "CoursWpfMVVM", "CoursWpfMVVM\CoursWpfMVVM.csproj", "{D15624D2-8F0D-4505-80E5-1C01DE888CC8}"
EndProject
Project("{FAE04EC0-301F-11D3-BF4B-00C04F79EFBC}") = "CorrectionAnnuaire", "CorrectionAnnuaire\CorrectionAnnuaire.csproj", "{C33254ED-E692-490E-A573-2B010F47317B}"
EndProject
Project("{FAE04EC0-301F-11D3-BF4B-00C04F79EFBC}") = "GestionRendezVousHopital", "GestionRendezVousHopital\GestionRendezVousHopital.csproj", "{D32D144A-B54F-4028-8C39-665C04155C86}"
EndProject
Global
	GlobalSection(SolutionConfigurationPlatforms) = preSolution
		Debug|Any CPU = Debug|Any CPU
		Release|Any CPU = Release|Any CPU
	EndGlobalSection
	GlobalSection(ProjectConfigurationPlatforms) = postSolution
		{DC6560F3-87E5-4B8D-B156-11D2434C07DA}.Debug|Any CPU.ActiveCfg = Debug|Any CPU
		{DC6560F3-87E5-4B8D-B156-11D2434C07DA}.Debug|Any CPU.Build.0 = Debug|Any CPU
		{DC6560F3-87E5-4B8D-B156-11D2434C07DA}.Release|Any CPU.ActiveCfg = Release|Any CPU
		{DC6560F3-87E5-4B8D-B156-11D2434C07DA}.Release|Any CPU.Build.0 = Release|Any CPU
		{6F959CC6-9069-4484-88F8-06CD87364C97}.Debug|Any CPU.ActiveCfg = Debug|Any CPU
		{6F959CC6-9069-4484-88F8-06CD87364C97}.Debug|Any CPU.Build.0 = Debug|Any CPU
		{6F959CC6-9069-4484-88F8-06CD87364C97}.Release|Any CPU.ActiveCfg = Release|Any CPU
		{6F959CC6-9069-4484-88F8-06CD87364C97}.Release|Any CPU.Build.0 = Release|Any CPU
		{3397DBF6-36A7-49A3-A1B4-9392D4CF0BC8}.Debug|Any CPU.ActiveCfg = Debug|Any CPU
		{3397DBF6-36A7-49A3-A1B4-9392D4CF0BC8}.Debug|Any CPU.Build.0 = Debug|Any CPU
		{3397DBF6-36A7-49A3-A1B4-9392D4CF0BC8}.Release|Any CPU.ActiveCfg = Release|Any CPU
		{3397DBF6-36A7-49A3-A1B4-9392D4CF0BC8}.Release|Any CPU.Build.0 = Release|Any CPU
		{19502B27-D455-4507-93D2-40DFDF20973B}.Debug|Any CPU.ActiveCfg = Debug|Any CPU
		{19502B27-D455-4507-93D2-40DFDF20973B}.Debug|Any CPU.Build.0 = Debug|Any CPU
		{19502B27-D455-4507-93D2-40DFDF20973B}.Release|Any CPU.ActiveCfg = Release|Any CPU
		{19502B27-D455-4507-93D2-40DFDF20973B}.Release|Any CPU.Build.0 = Release|Any CPU
		{D15624D2-8F0D-4505-80E5-1C01DE888CC8}.Debug|Any CPU.ActiveCfg = Debug|Any CPU
		{D15624D2-8F0D-4505-80E5-1C01DE888CC8}.Debug|Any CPU.Build.0 = Debug|Any CPU
		{D15624D2-8F0D-4505-80E5-1C01DE888CC8}.Release|Any CPU.ActiveCfg = Release|Any CPU
		{D15624D2-8F0D-4505-80E5-1C01DE888CC8}.Release|Any CPU.Build.0 = Release|Any CPU
		{C33254ED-E692-490E-A573-2B010F47317B}.Debug|Any CPU.ActiveCfg = Debug|Any CPU
		{C33254ED-E692-490E-A573-2B010F47317B}.Debug|Any CPU.Build.0 = Debug|Any CPU
		{C33254ED-E692-490E-A573-2B010F47317B}.Release|Any CPU.ActiveCfg = Release|Any CPU
		{C33254ED-E692-490E-A573-2B010F47317B}.Release|Any CPU.Build.0 = Release|Any CPU
		{D32D144A-B54F-4028-8C39-665C04155C86}.Debug|Any CPU.ActiveCfg = Debug|Any CPU
		{D32D144A-B54F-4028-8C39-665C04155C86}.Debug|Any CPU.Build.0 = Debug|Any CPU
		{D32D144A-B54F-4028-8C39-665C04155C86}.Release|Any CPU.ActiveCfg = Release|Any CPU
		{D32D144A-B54F-4028-8C39-665C04155C86}.Release|Any CPU.Build.0 = Release|Any CPU
	EndGlobalSection
	GlobalSection(SolutionProperties) = preSolution
		HideSolutionNode = FALSE
	EndGlobalSection
	GlobalSection(ExtensibilityGlobals) = postSolution
		SolutionGuid = {58DBA40B-3EE4-4EFD-87CA-9423513B23FC}
	EndGlobalSection
EndGlobal
